
Microsoft Visual Studio Solution File, Format Version 12.00
# Visual Studio Version 17
VisualStudioVersion = 17.5.33516.290
MinimumVisualStudioVersion = 10.0.40219.1
Project("{9A19103F-16F7-4668-BE54-9A1E7A4F7556}") = "DriveApp.GPSLapTimer", "DriveApp.GPSLapTimer\DriveApp.GPSLapTimer.csproj", "{53EBE8B4-76C3-4BDA-B50E-568D74A8DCF4}"
EndProject
Project("{2150E333-8FDC-42A3-9474-1A3956D46DE8}") = "_Sample", "_Sample", "{392BEC77-EFA9-4510-B19D-D8A6120F3852}"
EndProject
Project("{9A19103F-16F7-4668-BE54-9A1E7A4F7556}") = "PFCComm", "Sample\PFCComm\PFCComm.csproj", "{CF4F976A-6255-4990-85AA-12FA8DB5F44A}"
EndProject
Project("{2150E333-8FDC-42A3-9474-1A3956D46DE8}") = "PFC", "PFC", "{A20A2849-3652-4C54-B8A0-66A9B5E6C2C3}"
EndProject
Project("{9A19103F-16F7-4668-BE54-9A1E7A4F7556}") = "PFC", "PFC\PFC\PFC.csproj", "{2CA1C1E3-CD93-450D-ADAD-C68ED02DB52D}"
EndProject
Project("{9A19103F-16F7-4668-BE54-9A1E7A4F7556}") = "WorkerService", "Sample\WorkerService\WorkerService.csproj", "{CB782693-22AF-4863-833C-B7E4EE1D9007}"
EndProject
Project("{9A19103F-16F7-4668-BE54-9A1E7A4F7556}") = "GPSReceiver", "Sample\GPSReceiver\GPSReceiver.csproj", "{985D48EC-B9FB-4C71-8789-87E9CFD21133}"
EndProject
Project("{9A19103F-16F7-4668-BE54-9A1E7A4F7556}") = "PFCEmu", "Sample\PFCEmu\PFCEmu.csproj", "{DACB0B43-E418-46FD-94D4-44DC5410DD2E}"
EndProject
Project("{9A19103F-16F7-4668-BE54-9A1E7A4F7556}") = "DriveApp.Dash", "DriveApp.Dash\DriveApp.Dash.csproj", "{06A3AAB5-1BFA-4517-9BD0-C78238A66EA6}"
EndProject
Project("{9A19103F-16F7-4668-BE54-9A1E7A4F7556}") = "PFCProxy", "Sample\PFCProxy\PFCProxy.csproj", "{7CD75B1F-A6E4-4FE6-B09F-F5A9A993B0FF}"
EndProject
Global
	GlobalSection(SolutionConfigurationPlatforms) = preSolution
		Debug|Any CPU = Debug|Any CPU
		Release|Any CPU = Release|Any CPU
	EndGlobalSection
	GlobalSection(ProjectConfigurationPlatforms) = postSolution
		{53EBE8B4-76C3-4BDA-B50E-568D74A8DCF4}.Debug|Any CPU.ActiveCfg = Debug|Any CPU
		{53EBE8B4-76C3-4BDA-B50E-568D74A8DCF4}.Debug|Any CPU.Build.0 = Debug|Any CPU
		{53EBE8B4-76C3-4BDA-B50E-568D74A8DCF4}.Release|Any CPU.ActiveCfg = Release|Any CPU
		{53EBE8B4-76C3-4BDA-B50E-568D74A8DCF4}.Release|Any CPU.Build.0 = Release|Any CPU
		{CF4F976A-6255-4990-85AA-12FA8DB5F44A}.Debug|Any CPU.ActiveCfg = Debug|Any CPU
		{CF4F976A-6255-4990-85AA-12FA8DB5F44A}.Debug|Any CPU.Build.0 = Debug|Any CPU
		{CF4F976A-6255-4990-85AA-12FA8DB5F44A}.Release|Any CPU.ActiveCfg = Release|Any CPU
		{CF4F976A-6255-4990-85AA-12FA8DB5F44A}.Release|Any CPU.Build.0 = Release|Any CPU
		{2CA1C1E3-CD93-450D-ADAD-C68ED02DB52D}.Debug|Any CPU.ActiveCfg = Debug|Any CPU
		{2CA1C1E3-CD93-450D-ADAD-C68ED02DB52D}.Debug|Any CPU.Build.0 = Debug|Any CPU
		{2CA1C1E3-CD93-450D-ADAD-C68ED02DB52D}.Release|Any CPU.ActiveCfg = Release|Any CPU
		{2CA1C1E3-CD93-450D-ADAD-C68ED02DB52D}.Release|Any CPU.Build.0 = Release|Any CPU
		{CB782693-22AF-4863-833C-B7E4EE1D9007}.Debug|Any CPU.ActiveCfg = Debug|Any CPU
		{CB782693-22AF-4863-833C-B7E4EE1D9007}.Debug|Any CPU.Build.0 = Debug|Any CPU
		{CB782693-22AF-4863-833C-B7E4EE1D9007}.Release|Any CPU.ActiveCfg = Release|Any CPU
		{CB782693-22AF-4863-833C-B7E4EE1D9007}.Release|Any CPU.Build.0 = Release|Any CPU
		{985D48EC-B9FB-4C71-8789-87E9CFD21133}.Debug|Any CPU.ActiveCfg = Debug|Any CPU
		{985D48EC-B9FB-4C71-8789-87E9CFD21133}.Debug|Any CPU.Build.0 = Debug|Any CPU
		{985D48EC-B9FB-4C71-8789-87E9CFD21133}.Release|Any CPU.ActiveCfg = Release|Any CPU
		{985D48EC-B9FB-4C71-8789-87E9CFD21133}.Release|Any CPU.Build.0 = Release|Any CPU
		{DACB0B43-E418-46FD-94D4-44DC5410DD2E}.Debug|Any CPU.ActiveCfg = Debug|Any CPU
		{DACB0B43-E418-46FD-94D4-44DC5410DD2E}.Debug|Any CPU.Build.0 = Debug|Any CPU
		{DACB0B43-E418-46FD-94D4-44DC5410DD2E}.Release|Any CPU.ActiveCfg = Release|Any CPU
		{DACB0B43-E418-46FD-94D4-44DC5410DD2E}.Release|Any CPU.Build.0 = Release|Any CPU
		{06A3AAB5-1BFA-4517-9BD0-C78238A66EA6}.Debug|Any CPU.ActiveCfg = Debug|Any CPU
		{06A3AAB5-1BFA-4517-9BD0-C78238A66EA6}.Debug|Any CPU.Build.0 = Debug|Any CPU
		{06A3AAB5-1BFA-4517-9BD0-C78238A66EA6}.Release|Any CPU.ActiveCfg = Release|Any CPU
		{06A3AAB5-1BFA-4517-9BD0-C78238A66EA6}.Release|Any CPU.Build.0 = Release|Any CPU
		{7CD75B1F-A6E4-4FE6-B09F-F5A9A993B0FF}.Debug|Any CPU.ActiveCfg = Debug|Any CPU
		{7CD75B1F-A6E4-4FE6-B09F-F5A9A993B0FF}.Debug|Any CPU.Build.0 = Debug|Any CPU
		{7CD75B1F-A6E4-4FE6-B09F-F5A9A993B0FF}.Release|Any CPU.ActiveCfg = Release|Any CPU
		{7CD75B1F-A6E4-4FE6-B09F-F5A9A993B0FF}.Release|Any CPU.Build.0 = Release|Any CPU
	EndGlobalSection
	GlobalSection(SolutionProperties) = preSolution
		HideSolutionNode = FALSE
	EndGlobalSection
	GlobalSection(NestedProjects) = preSolution
		{CF4F976A-6255-4990-85AA-12FA8DB5F44A} = {392BEC77-EFA9-4510-B19D-D8A6120F3852}
		{2CA1C1E3-CD93-450D-ADAD-C68ED02DB52D} = {A20A2849-3652-4C54-B8A0-66A9B5E6C2C3}
		{CB782693-22AF-4863-833C-B7E4EE1D9007} = {392BEC77-EFA9-4510-B19D-D8A6120F3852}
		{985D48EC-B9FB-4C71-8789-87E9CFD21133} = {392BEC77-EFA9-4510-B19D-D8A6120F3852}
		{DACB0B43-E418-46FD-94D4-44DC5410DD2E} = {392BEC77-EFA9-4510-B19D-D8A6120F3852}
		{7CD75B1F-A6E4-4FE6-B09F-F5A9A993B0FF} = {392BEC77-EFA9-4510-B19D-D8A6120F3852}
	EndGlobalSection
	GlobalSection(ExtensibilityGlobals) = postSolution
		SolutionGuid = {828FD6B5-4048-4A29-84E6-7E64E2E6D91A}
	EndGlobalSection
EndGlobal
